
Microsoft Visual Studio Solution File, Format Version 12.00
# Visual Studio Version 17
VisualStudioVersion = 17.8.34330.188
MinimumVisualStudioVersion = 10.0.40219.1
Project("{8BC9CEB8-8B4A-11D0-8D11-00A0C91BC942}") = "NativeLangHook", "NativeLangHook.vcxproj", "{F599B084-53B4-4EA7-8FCD-87DE16BDC86C}"
EndProject
Global
	GlobalSection(SolutionConfigurationPlatforms) = preSolution
		Debug|x64 = Debug|x64
		Debug|x86 = Debug|x86
		Release|x64 = Release|x64
		Release|x86 = Release|x86
	EndGlobalSection
	GlobalSection(ProjectConfigurationPlatforms) = postSolution
		{F599B084-53B4-4EA7-8FCD-87DE16BDC86C}.Debug|x64.ActiveCfg = Debug|x64
		{F599B084-53B4-4EA7-8FCD-87DE16BDC86C}.Debug|x64.Build.0 = Debug|x64
		{F599B084-53B4-4EA7-8FCD-87DE16BDC86C}.Debug|x86.ActiveCfg = Debug|Win32
		{F599B084-53B4-4EA7-8FCD-87DE16BDC86C}.Debug|x86.Build.0 = Debug|Win32
		{F599B084-53B4-4EA7-8FCD-87DE16BDC86C}.Release|x64.ActiveCfg = Release|x64
		{F599B084-53B4-4EA7-8FCD-87DE16BDC86C}.Release|x64.Build.0 = Release|x64
		{F599B084-53B4-4EA7-8FCD-87DE16BDC86C}.Release|x86.ActiveCfg = Release|Win32
		{F599B084-53B4-4EA7-8FCD-87DE16BDC86C}.Release|x86.Build.0 = Release|Win32
	EndGlobalSection
	GlobalSection(SolutionProperties) = preSolution
		HideSolutionNode = FALSE
	EndGlobalSection
	GlobalSection(ExtensibilityGlobals) = postSolution
		SolutionGuid = {9419B9C1-39FE-4AC5-8BC8-2C341F6A8A5C}
	EndGlobalSection
EndGlobal
